
Microsoft Visual Studio Solution File, Format Version 12.00
# Visual Studio Version 17
VisualStudioVersion = 17.0.31903.59
MinimumVisualStudioVersion = 10.0.40219.1
Project("{FAE04EC0-301F-11D3-BF4B-00C04F79EFBC}") = "LabsJournal3.0", "LabsJournal3.0.csproj", "{CA40C0A2-D0AB-4DC5-94C5-3FF4FC1E1719}"
EndProject
Global
	GlobalSection(SolutionConfigurationPlatforms) = preSolution
		Debug|Any CPU = Debug|Any CPU
		Release|Any CPU = Release|Any CPU
	EndGlobalSection
	GlobalSection(ProjectConfigurationPlatforms) = postSolution
		{CA40C0A2-D0AB-4DC5-94C5-3FF4FC1E1719}.Debug|Any CPU.ActiveCfg = Debug|Any CPU
		{CA40C0A2-D0AB-4DC5-94C5-3FF4FC1E1719}.Debug|Any CPU.Build.0 = Debug|Any CPU
		{CA40C0A2-D0AB-4DC5-94C5-3FF4FC1E1719}.Release|Any CPU.ActiveCfg = Release|Any CPU
		{CA40C0A2-D0AB-4DC5-94C5-3FF4FC1E1719}.Release|Any CPU.Build.0 = Release|Any CPU
	EndGlobalSection
	GlobalSection(SolutionProperties) = preSolution
		HideSolutionNode = FALSE
	EndGlobalSection
	GlobalSection(ExtensibilityGlobals) = postSolution
		SolutionGuid = {F99B6FEA-C8D2-4808-A664-A61A2DFEE1F4}
	EndGlobalSection
EndGlobal
